
Microsoft Visual Studio Solution File, Format Version 12.00
# Visual Studio Version 17
VisualStudioVersion = 17.5.002.0
MinimumVisualStudioVersion = 10.0.40219.1
Project("{9A19103F-16F7-4668-BE54-9A1E7A4F7556}") = "BlazorMvc.API", "BlazorMvc.API.csproj", "{F8F83662-98D5-4D94-8562-DA284EA7155E}"
EndProject
Global
	GlobalSection(SolutionConfigurationPlatforms) = preSolution
		Debug|Any CPU = Debug|Any CPU
		Release|Any CPU = Release|Any CPU
	EndGlobalSection
	GlobalSection(ProjectConfigurationPlatforms) = postSolution
		{F8F83662-98D5-4D94-8562-DA284EA7155E}.Debug|Any CPU.ActiveCfg = Debug|Any CPU
		{F8F83662-98D5-4D94-8562-DA284EA7155E}.Debug|Any CPU.Build.0 = Debug|Any CPU
		{F8F83662-98D5-4D94-8562-DA284EA7155E}.Release|Any CPU.ActiveCfg = Release|Any CPU
		{F8F83662-98D5-4D94-8562-DA284EA7155E}.Release|Any CPU.Build.0 = Release|Any CPU
	EndGlobalSection
	GlobalSection(SolutionProperties) = preSolution
		HideSolutionNode = FALSE
	EndGlobalSection
	GlobalSection(ExtensibilityGlobals) = postSolution
		SolutionGuid = {FE55083B-5CF1-4BCC-8759-C97B8FED9FCE}
	EndGlobalSection
EndGlobal
